# -------------------------------------------------------------------------- #
#
# Copyright (C) 1991-2013 Altera Corporation
# Your use of Altera Corporation's design tools, logic functions 
# and other software and tools, and its AMPP partner logic 
# functions, and any output files from any of the foregoing 
# (including device programming or simulation files), and any 
# associated documentation or information are expressly subject 
# to the terms and conditions of the Altera Program License 
# Subscription Agreement, Altera MegaCore Function License 
# Agreement, or other applicable license agreement, including, 
# without limitation, that your use is for the sole purpose of 
# programming logic devices manufactured by Altera and sold by 
# Altera or its authorized distributors.  Please refer to the 
# applicable agreement for further details.
#
# -------------------------------------------------------------------------- #
#
# Quartus II 64-Bit
# Version 13.0.1 Build 232 06/12/2013 Service Pack 1 SJ Web Edition
# Date created = 18:13:08  March 16, 2026
#
# -------------------------------------------------------------------------- #
#
# Notes:
#
# 1) The default values for assignments are stored in the file:
#		mm32k_assignment_defaults.qdf
#    If this file doesn't exist, see file:
#		assignment_defaults.qdf
#
# 2) Altera recommends that you do not modify this file. This
#    file is updated automatically by the Quartus II software
#    and any changes you make may be lost or overwritten.
#
# -------------------------------------------------------------------------- #


set_global_assignment -name FAMILY MAX7000S
set_global_assignment -name DEVICE "EPM7128SLC84-15"
set_global_assignment -name TOP_LEVEL_ENTITY mm32k
set_global_assignment -name ORIGINAL_QUARTUS_VERSION "13.0 SP1"
set_global_assignment -name PROJECT_CREATION_TIME_DATE "18:13:08  MARCH 16, 2026"
set_global_assignment -name LAST_QUARTUS_VERSION "13.0 SP1"
set_global_assignment -name VERILOG_FILE //wsl.localhost/Ubuntu/home/vrs/Verilog/projects/mmu8l/mm32k.v
set_global_assignment -name SDC_FILE //wsl.localhost/Ubuntu/home/vrs/Verilog/projects/mmu8l/mm32k.sdc
set_global_assignment -name DEVICE_FILTER_PIN_COUNT 84
set_global_assignment -name MAX7000_DEVICE_IO_STANDARD TTL
set_location_assignment PIN_4 -to BMB[6]
set_location_assignment PIN_5 -to BMB[5]
set_location_assignment PIN_11 -to BMB[0]
set_location_assignment PIN_10 -to BMB[1]
set_location_assignment PIN_9 -to BMB[2]
set_location_assignment PIN_8 -to BMB[3]
set_location_assignment PIN_6 -to BMB[4]
set_location_assignment PIN_80 -to BMB[7]
set_location_assignment PIN_79 -to BMB[8]
set_location_assignment PIN_77 -to BMB[9]
set_location_assignment PIN_76 -to BMB[10]
set_location_assignment PIN_75 -to BMB[11]
set_location_assignment PIN_83 -to CLK
set_location_assignment PIN_40 -to CS_L
set_location_assignment PIN_63 -to FS_L[0]
set_location_assignment PIN_61 -to FS_L[1]
set_location_assignment PIN_60 -to FS_L[2]
set_location_assignment PIN_58 -to FS_L[3]
set_location_assignment PIN_57 -to FS_L[4]
set_location_assignment PIN_56 -to FS_L[5]
set_location_assignment PIN_55 -to FS_L[6]
set_location_assignment PIN_54 -to FS_L[7]
set_location_assignment PIN_12 -to MBODD_P
set_location_assignment PIN_29 -to MEM[0]
set_location_assignment PIN_28 -to MEM[1]
set_location_assignment PIN_27 -to MEM[2]
set_location_assignment PIN_25 -to MEM[3]
set_location_assignment PIN_24 -to MEM[4]
set_location_assignment PIN_22 -to MEM[5]
set_location_assignment PIN_21 -to MEM[6]
set_location_assignment PIN_20 -to MEM[7]
set_location_assignment PIN_18 -to MEM[8]
set_location_assignment PIN_17 -to MEM[9]
set_location_assignment PIN_16 -to MEM[10]
set_location_assignment PIN_15 -to MEM[11]
set_location_assignment PIN_33 -to MEMDONE_L
set_location_assignment PIN_36 -to MEMSTART
set_location_assignment PIN_30 -to MEM_P
set_location_assignment PIN_41 -to OE_L
set_location_assignment PIN_44 -to WE_L
set_location_assignment PIN_34 -to TP2
set_location_assignment PIN_39 -to PARITY
set_location_assignment PIN_35 -to STROBE_L
set_location_assignment PIN_70 -to EA[0]
set_location_assignment PIN_73 -to EA[1]
set_location_assignment PIN_74 -to EA[2]